
Microsoft Visual Studio Solution File, Format Version 12.00
# Visual Studio 15
VisualStudioVersion = 15.0.27130.2010
MinimumVisualStudioVersion = 15.0.26124.0
Project("{9A19103F-16F7-4668-BE54-9A1E7A4F7556}") = "Nominatim.API", "Nominatim.API\Nominatim.API.csproj", "{3E753076-65E6-4F8E-8A14-8BA58F0C6E5F}"
EndProject
Project("{9A19103F-16F7-4668-BE54-9A1E7A4F7556}") = "Nominatim.API.Tests", "Nominatim.API.Tests\Nominatim.API.Tests.csproj", "{F3DB2EB2-43B9-4A6A-BFA1-FC1D27F69952}"
EndProject
Global
	GlobalSection(SolutionConfigurationPlatforms) = preSolution
		Debug|Any CPU = Debug|Any CPU
		Debug|x64 = Debug|x64
		Debug|x86 = Debug|x86
		Release|Any CPU = Release|Any CPU
		Release|x64 = Release|x64
		Release|x86 = Release|x86
	EndGlobalSection
	GlobalSection(ProjectConfigurationPlatforms) = postSolution
		{3E753076-65E6-4F8E-8A14-8BA58F0C6E5F}.Debug|Any CPU.ActiveCfg = Debug|Any CPU
		{3E753076-65E6-4F8E-8A14-8BA58F0C6E5F}.Debug|Any CPU.Build.0 = Debug|Any CPU
		{3E753076-65E6-4F8E-8A14-8BA58F0C6E5F}.Debug|x64.ActiveCfg = Debug|Any CPU
		{3E753076-65E6-4F8E-8A14-8BA58F0C6E5F}.Debug|x64.Build.0 = Debug|Any CPU
		{3E753076-65E6-4F8E-8A14-8BA58F0C6E5F}.Debug|x86.ActiveCfg = Debug|Any CPU
		{3E753076-65E6-4F8E-8A14-8BA58F0C6E5F}.Debug|x86.Build.0 = Debug|Any CPU
		{3E753076-65E6-4F8E-8A14-8BA58F0C6E5F}.Release|Any CPU.ActiveCfg = Release|Any CPU
		{3E753076-65E6-4F8E-8A14-8BA58F0C6E5F}.Release|Any CPU.Build.0 = Release|Any CPU
		{3E753076-65E6-4F8E-8A14-8BA58F0C6E5F}.Release|x64.ActiveCfg = Release|Any CPU
		{3E753076-65E6-4F8E-8A14-8BA58F0C6E5F}.Release|x64.Build.0 = Release|Any CPU
		{3E753076-65E6-4F8E-8A14-8BA58F0C6E5F}.Release|x86.ActiveCfg = Release|Any CPU
		{3E753076-65E6-4F8E-8A14-8BA58F0C6E5F}.Release|x86.Build.0 = Release|Any CPU
		{F3DB2EB2-43B9-4A6A-BFA1-FC1D27F69952}.Debug|Any CPU.ActiveCfg = Debug|Any CPU
		{F3DB2EB2-43B9-4A6A-BFA1-FC1D27F69952}.Debug|Any CPU.Build.0 = Debug|Any CPU
		{F3DB2EB2-43B9-4A6A-BFA1-FC1D27F69952}.Debug|x64.ActiveCfg = Debug|Any CPU
		{F3DB2EB2-43B9-4A6A-BFA1-FC1D27F69952}.Debug|x64.Build.0 = Debug|Any CPU
		{F3DB2EB2-43B9-4A6A-BFA1-FC1D27F69952}.Debug|x86.ActiveCfg = Debug|Any CPU
		{F3DB2EB2-43B9-4A6A-BFA1-FC1D27F69952}.Debug|x86.Build.0 = Debug|Any CPU
		{F3DB2EB2-43B9-4A6A-BFA1-FC1D27F69952}.Release|Any CPU.ActiveCfg = Release|Any CPU
		{F3DB2EB2-43B9-4A6A-BFA1-FC1D27F69952}.Release|Any CPU.Build.0 = Release|Any CPU
		{F3DB2EB2-43B9-4A6A-BFA1-FC1D27F69952}.Release|x64.ActiveCfg = Release|Any CPU
		{F3DB2EB2-43B9-4A6A-BFA1-FC1D27F69952}.Release|x64.Build.0 = Release|Any CPU
		{F3DB2EB2-43B9-4A6A-BFA1-FC1D27F69952}.Release|x86.ActiveCfg = Release|Any CPU
		{F3DB2EB2-43B9-4A6A-BFA1-FC1D27F69952}.Release|x86.Build.0 = Release|Any CPU
	EndGlobalSection
	GlobalSection(SolutionProperties) = preSolution
		HideSolutionNode = FALSE
	EndGlobalSection
	GlobalSection(ExtensibilityGlobals) = postSolution
		SolutionGuid = {4D1A2CA6-FAD0-4759-8C80-F11412648134}
	EndGlobalSection
EndGlobal
